
Microsoft Visual Studio Solution File, Format Version 12.00
# Visual Studio Version 16
VisualStudioVersion = 16.0.30320.27
MinimumVisualStudioVersion = 10.0.40219.1
Project("{FAE04EC0-301F-11D3-BF4B-00C04F79EFBC}") = "HomeWork 1", "HomeWork 1\HomeWork 1.csproj", "{D980D076-54AB-4C29-B606-E7DACAE9A6FB}"
EndProject
Global
	GlobalSection(SolutionConfigurationPlatforms) = preSolution
		Debug|Any CPU = Debug|Any CPU
		Release|Any CPU = Release|Any CPU
	EndGlobalSection
	GlobalSection(ProjectConfigurationPlatforms) = postSolution
		{D980D076-54AB-4C29-B606-E7DACAE9A6FB}.Debug|Any CPU.ActiveCfg = Debug|Any CPU
		{D980D076-54AB-4C29-B606-E7DACAE9A6FB}.Debug|Any CPU.Build.0 = Debug|Any CPU
		{D980D076-54AB-4C29-B606-E7DACAE9A6FB}.Release|Any CPU.ActiveCfg = Release|Any CPU
		{D980D076-54AB-4C29-B606-E7DACAE9A6FB}.Release|Any CPU.Build.0 = Release|Any CPU
	EndGlobalSection
	GlobalSection(SolutionProperties) = preSolution
		HideSolutionNode = FALSE
	EndGlobalSection
	GlobalSection(ExtensibilityGlobals) = postSolution
		SolutionGuid = {ED260537-6235-4B26-9139-B3C17B8EABF4}
	EndGlobalSection
EndGlobal
